
Microsoft Visual Studio Solution File, Format Version 12.00
# Visual Studio Version 17
VisualStudioVersion = 17.11.35222.181
MinimumVisualStudioVersion = 10.0.40219.1
Project("{FAE04EC0-301F-11D3-BF4B-00C04F79EFBC}") = "PL", "Neo_Genesis_Green_Gold\PL.csproj", "{BDB1A915-C9C0-4F89-A21B-4A99BA71B2DD}"
EndProject
Project("{FAE04EC0-301F-11D3-BF4B-00C04F79EFBC}") = "Entity", "Entity\Entity.csproj", "{3B14BD95-C49A-44B2-872E-9E49CC859847}"
EndProject
Project("{FAE04EC0-301F-11D3-BF4B-00C04F79EFBC}") = "BLL", "BLL\BLL.csproj", "{52D0BC11-592D-4149-AEF8-1F4F45B6FBCC}"
EndProject
Project("{FAE04EC0-301F-11D3-BF4B-00C04F79EFBC}") = "DAL", "DAL\DAL.csproj", "{43775E90-B92A-4678-9BED-EC2041DECADC}"
EndProject
Global
	GlobalSection(SolutionConfigurationPlatforms) = preSolution
		Debug|Any CPU = Debug|Any CPU
		Release|Any CPU = Release|Any CPU
	EndGlobalSection
	GlobalSection(ProjectConfigurationPlatforms) = postSolution
		{BDB1A915-C9C0-4F89-A21B-4A99BA71B2DD}.Debug|Any CPU.ActiveCfg = Debug|Any CPU
		{BDB1A915-C9C0-4F89-A21B-4A99BA71B2DD}.Debug|Any CPU.Build.0 = Debug|Any CPU
		{BDB1A915-C9C0-4F89-A21B-4A99BA71B2DD}.Release|Any CPU.ActiveCfg = Release|Any CPU
		{BDB1A915-C9C0-4F89-A21B-4A99BA71B2DD}.Release|Any CPU.Build.0 = Release|Any CPU
		{3B14BD95-C49A-44B2-872E-9E49CC859847}.Debug|Any CPU.ActiveCfg = Debug|Any CPU
		{3B14BD95-C49A-44B2-872E-9E49CC859847}.Debug|Any CPU.Build.0 = Debug|Any CPU
		{3B14BD95-C49A-44B2-872E-9E49CC859847}.Release|Any CPU.ActiveCfg = Release|Any CPU
		{3B14BD95-C49A-44B2-872E-9E49CC859847}.Release|Any CPU.Build.0 = Release|Any CPU
		{52D0BC11-592D-4149-AEF8-1F4F45B6FBCC}.Debug|Any CPU.ActiveCfg = Debug|Any CPU
		{52D0BC11-592D-4149-AEF8-1F4F45B6FBCC}.Debug|Any CPU.Build.0 = Debug|Any CPU
		{52D0BC11-592D-4149-AEF8-1F4F45B6FBCC}.Release|Any CPU.ActiveCfg = Release|Any CPU
		{52D0BC11-592D-4149-AEF8-1F4F45B6FBCC}.Release|Any CPU.Build.0 = Release|Any CPU
		{43775E90-B92A-4678-9BED-EC2041DECADC}.Debug|Any CPU.ActiveCfg = Debug|Any CPU
		{43775E90-B92A-4678-9BED-EC2041DECADC}.Debug|Any CPU.Build.0 = Debug|Any CPU
		{43775E90-B92A-4678-9BED-EC2041DECADC}.Release|Any CPU.ActiveCfg = Release|Any CPU
		{43775E90-B92A-4678-9BED-EC2041DECADC}.Release|Any CPU.Build.0 = Release|Any CPU
	EndGlobalSection
	GlobalSection(SolutionProperties) = preSolution
		HideSolutionNode = FALSE
	EndGlobalSection
	GlobalSection(ExtensibilityGlobals) = postSolution
		SolutionGuid = {04DE57C7-277E-4FF0-AE7F-F649FCB94217}
	EndGlobalSection
EndGlobal
